// !$*UTF8*$!
{
	archiveVersion = 1;
	classes = {
	};
	objectVersion = 56;
	objects = {

/* Begin PBXBuildFile section */
		8282F4112BE3B966005F1668 /* SnapKit in Frameworks */ = {isa = PBXBuildFile; productRef = 8282F4102BE3B966005F1668 /* SnapKit */; };
		8282F4142BE3B979005F1668 /* RxBlocking in Frameworks */ = {isa = PBXBuildFile; productRef = 8282F4132BE3B979005F1668 /* RxBlocking */; };
		8282F4162BE3B979005F1668 /* RxBlocking-Dynamic in Frameworks */ = {isa = PBXBuildFile; productRef = 8282F4152BE3B979005F1668 /* RxBlocking-Dynamic */; };
		8282F4182BE3B979005F1668 /* RxCocoa in Frameworks */ = {isa = PBXBuildFile; productRef = 8282F4172BE3B979005F1668 /* RxCocoa */; };
		8282F41A2BE3B979005F1668 /* RxCocoa-Dynamic in Frameworks */ = {isa = PBXBuildFile; productRef = 8282F4192BE3B979005F1668 /* RxCocoa-Dynamic */; };
		8282F41C2BE3B979005F1668 /* RxRelay in Frameworks */ = {isa = PBXBuildFile; productRef = 8282F41B2BE3B979005F1668 /* RxRelay */; };
		8282F41E2BE3B979005F1668 /* RxRelay-Dynamic in Frameworks */ = {isa = PBXBuildFile; productRef = 8282F41D2BE3B979005F1668 /* RxRelay-Dynamic */; };
		8282F4202BE3B979005F1668 /* RxSwift in Frameworks */ = {isa = PBXBuildFile; productRef = 8282F41F2BE3B979005F1668 /* RxSwift */; };
		8282F4222BE3B979005F1668 /* RxSwift-Dynamic in Frameworks */ = {isa = PBXBuildFile; productRef = 8282F4212BE3B979005F1668 /* RxSwift-Dynamic */; };
		8282F4242BE3B979005F1668 /* RxTest in Frameworks */ = {isa = PBXBuildFile; productRef = 8282F4232BE3B979005F1668 /* RxTest */; };
		8282F4262BE3B979005F1668 /* RxTest-Dynamic in Frameworks */ = {isa = PBXBuildFile; productRef = 8282F4252BE3B979005F1668 /* RxTest-Dynamic */; };
		8282F4292BE3B9B7005F1668 /* Realm in Frameworks */ = {isa = PBXBuildFile; productRef = 8282F4282BE3B9B7005F1668 /* Realm */; };
		8282F42B2BE3B9B7005F1668 /* RealmSwift in Frameworks */ = {isa = PBXBuildFile; productRef = 8282F42A2BE3B9B7005F1668 /* RealmSwift */; };
		8290436C2BE3B5FC00EA88BE /* AppDelegate.swift in Sources */ = {isa = PBXBuildFile; fileRef = 8290436B2BE3B5FC00EA88BE /* AppDelegate.swift */; };
		8290436E2BE3B5FC00EA88BE /* SceneDelegate.swift in Sources */ = {isa = PBXBuildFile; fileRef = 8290436D2BE3B5FC00EA88BE /* SceneDelegate.swift */; };
		829043702BE3B5FC00EA88BE /* CameraViewController.swift in Sources */ = {isa = PBXBuildFile; fileRef = 8290436F2BE3B5FC00EA88BE /* CameraViewController.swift */; };
		829043752BE3B5FD00EA88BE /* Assets.xcassets in Resources */ = {isa = PBXBuildFile; fileRef = 829043742BE3B5FD00EA88BE /* Assets.xcassets */; };
		829043782BE3B5FD00EA88BE /* LaunchScreen.storyboard in Resources */ = {isa = PBXBuildFile; fileRef = 829043762BE3B5FD00EA88BE /* LaunchScreen.storyboard */; };
/* End PBXBuildFile section */

/* Begin PBXFileReference section */
		829043682BE3B5FC00EA88BE /* StudentMealRecord.app */ = {isa = PBXFileReference; explicitFileType = wrapper.application; includeInIndex = 0; path = StudentMealRecord.app; sourceTree = BUILT_PRODUCTS_DIR; };
		8290436B2BE3B5FC00EA88BE /* AppDelegate.swift */ = {isa = PBXFileReference; lastKnownFileType = sourcecode.swift; path = AppDelegate.swift; sourceTree = "<group>"; };
		8290436D2BE3B5FC00EA88BE /* SceneDelegate.swift */ = {isa = PBXFileReference; lastKnownFileType = sourcecode.swift; path = SceneDelegate.swift; sourceTree = "<group>"; };
		8290436F2BE3B5FC00EA88BE /* CameraViewController.swift */ = {isa = PBXFileReference; lastKnownFileType = sourcecode.swift; path = CameraViewController.swift; sourceTree = "<group>"; };
		829043742BE3B5FD00EA88BE /* Assets.xcassets */ = {isa = PBXFileReference; lastKnownFileType = folder.assetcatalog; path = Assets.xcassets; sourceTree = "<group>"; };
		829043772BE3B5FD00EA88BE /* Base */ = {isa = PBXFileReference; lastKnownFileType = file.storyboard; name = Base; path = Base.lproj/LaunchScreen.storyboard; sourceTree = "<group>"; };
		829043792BE3B5FD00EA88BE /* Info.plist */ = {isa = PBXFileReference; lastKnownFileType = text.plist.xml; path = Info.plist; sourceTree = "<group>"; };
/* End PBXFileReference section */

/* Begin PBXFrameworksBuildPhase section */
		829043652BE3B5FC00EA88BE /* Frameworks */ = {
			isa = PBXFrameworksBuildPhase;
			buildActionMask = 2147483647;
			files = (
				8282F4242BE3B979005F1668 /* RxTest in Frameworks */,
				8282F41C2BE3B979005F1668 /* RxRelay in Frameworks */,
				8282F4222BE3B979005F1668 /* RxSwift-Dynamic in Frameworks */,
				8282F42B2BE3B9B7005F1668 /* RealmSwift in Frameworks */,
				8282F4162BE3B979005F1668 /* RxBlocking-Dynamic in Frameworks */,
				8282F41A2BE3B979005F1668 /* RxCocoa-Dynamic in Frameworks */,
				8282F4112BE3B966005F1668 /* SnapKit in Frameworks */,
				8282F4292BE3B9B7005F1668 /* Realm in Frameworks */,
				8282F4182BE3B979005F1668 /* RxCocoa in Frameworks */,
				8282F41E2BE3B979005F1668 /* RxRelay-Dynamic in Frameworks */,
				8282F4202BE3B979005F1668 /* RxSwift in Frameworks */,
				8282F4262BE3B979005F1668 /* RxTest-Dynamic in Frameworks */,
				8282F4142BE3B979005F1668 /* RxBlocking in Frameworks */,
			);
			runOnlyForDeploymentPostprocessing = 0;
		};
/* End PBXFrameworksBuildPhase section */

/* Begin PBXGroup section */
		8282F40E2BE3B8AC005F1668 /* Resource */ = {
			isa = PBXGroup;
			children = (
				829043742BE3B5FD00EA88BE /* Assets.xcassets */,
			);
			path = Resource;
			sourceTree = "<group>";
		};
		8290435F2BE3B5FC00EA88BE = {
			isa = PBXGroup;
			children = (
				8290436A2BE3B5FC00EA88BE /* StudentMealRecord */,
				829043692BE3B5FC00EA88BE /* Products */,
			);
			sourceTree = "<group>";
		};
		829043692BE3B5FC00EA88BE /* Products */ = {
			isa = PBXGroup;
			children = (
				829043682BE3B5FC00EA88BE /* StudentMealRecord.app */,
			);
			name = Products;
			sourceTree = "<group>";
		};
		8290436A2BE3B5FC00EA88BE /* StudentMealRecord */ = {
			isa = PBXGroup;
			children = (
				829043802BE3B65200EA88BE /* App */,
				829043812BE3B68000EA88BE /* Presentation */,
				8282F40E2BE3B8AC005F1668 /* Resource */,
			);
			path = StudentMealRecord;
			sourceTree = "<group>";
		};
		829043802BE3B65200EA88BE /* App */ = {
			isa = PBXGroup;
			children = (
				829043792BE3B5FD00EA88BE /* Info.plist */,
				829043762BE3B5FD00EA88BE /* LaunchScreen.storyboard */,
				8290436B2BE3B5FC00EA88BE /* AppDelegate.swift */,
				8290436D2BE3B5FC00EA88BE /* SceneDelegate.swift */,
			);
			path = App;
			sourceTree = "<group>";
		};
		829043812BE3B68000EA88BE /* Presentation */ = {
			isa = PBXGroup;
			children = (
				829043822BE3B6AB00EA88BE /* View */,
			);
			path = Presentation;
			sourceTree = "<group>";
		};
		829043822BE3B6AB00EA88BE /* View */ = {
			isa = PBXGroup;
			children = (
				8290436F2BE3B5FC00EA88BE /* CameraViewController.swift */,
			);
			path = View;
			sourceTree = "<group>";
		};
/* End PBXGroup section */

/* Begin PBXNativeTarget section */
		829043672BE3B5FC00EA88BE /* StudentMealRecord */ = {
			isa = PBXNativeTarget;
			buildConfigurationList = 8290437C2BE3B5FD00EA88BE /* Build configuration list for PBXNativeTarget "StudentMealRecord" */;
			buildPhases = (
				829043642BE3B5FC00EA88BE /* Sources */,
				829043652BE3B5FC00EA88BE /* Frameworks */,
				829043662BE3B5FC00EA88BE /* Resources */,
			);
			buildRules = (
			);
			dependencies = (
			);
			name = StudentMealRecord;
			packageProductDependencies = (
				8282F4102BE3B966005F1668 /* SnapKit */,
				8282F4132BE3B979005F1668 /* RxBlocking */,
				8282F4152BE3B979005F1668 /* RxBlocking-Dynamic */,
				8282F4172BE3B979005F1668 /* RxCocoa */,
				8282F4192BE3B979005F1668 /* RxCocoa-Dynamic */,
				8282F41B2BE3B979005F1668 /* RxRelay */,
				8282F41D2BE3B979005F1668 /* RxRelay-Dynamic */,
				8282F41F2BE3B979005F1668 /* RxSwift */,
				8282F4212BE3B979005F1668 /* RxSwift-Dynamic */,
				8282F4232BE3B979005F1668 /* RxTest */,
				8282F4252BE3B979005F1668 /* RxTest-Dynamic */,
				8282F4282BE3B9B7005F1668 /* Realm */,
				8282F42A2BE3B9B7005F1668 /* RealmSwift */,
			);
			productName = StudentMealRecord;
			productReference = 829043682BE3B5FC00EA88BE /* StudentMealRecord.app */;
			productType = "com.apple.product-type.application";
		};
/* End PBXNativeTarget section */

/* Begin PBXProject section */
		829043602BE3B5FC00EA88BE /* Project object */ = {
			isa = PBXProject;
			attributes = {
				BuildIndependentTargetsInParallel = 1;
				LastSwiftUpdateCheck = 1520;
				LastUpgradeCheck = 1520;
				TargetAttributes = {
					829043672BE3B5FC00EA88BE = {
						CreatedOnToolsVersion = 15.2;
					};
				};
			};
			buildConfigurationList = 829043632BE3B5FC00EA88BE /* Build configuration list for PBXProject "StudentMealRecord" */;
			compatibilityVersion = "Xcode 14.0";
			developmentRegion = en;
			hasScannedForEncodings = 0;
			knownRegions = (
				en,
				Base,
			);
			mainGroup = 8290435F2BE3B5FC00EA88BE;
			packageReferences = (
				8282F40F2BE3B966005F1668 /* XCRemoteSwiftPackageReference "SnapKit" */,
				8282F4122BE3B979005F1668 /* XCRemoteSwiftPackageReference "RxSwift" */,
				8282F4272BE3B9B7005F1668 /* XCRemoteSwiftPackageReference "realm-swift" */,
			);
			productRefGroup = 829043692BE3B5FC00EA88BE /* Products */;
			projectDirPath = "";
			projectRoot = "";
			targets = (
				829043672BE3B5FC00EA88BE /* StudentMealRecord */,
			);
		};
/* End PBXProject section */

/* Begin PBXResourcesBuildPhase section */
		829043662BE3B5FC00EA88BE /* Resources */ = {
			isa = PBXResourcesBuildPhase;
			buildActionMask = 2147483647;
			files = (
				829043782BE3B5FD00EA88BE /* LaunchScreen.storyboard in Resources */,
				829043752BE3B5FD00EA88BE /* Assets.xcassets in Resources */,
			);
			runOnlyForDeploymentPostprocessing = 0;
		};
/* End PBXResourcesBuildPhase section */

/* Begin PBXSourcesBuildPhase section */
		829043642BE3B5FC00EA88BE /* Sources */ = {
			isa = PBXSourcesBuildPhase;
			buildActionMask = 2147483647;
			files = (
				829043702BE3B5FC00EA88BE /* CameraViewController.swift in Sources */,
				8290436C2BE3B5FC00EA88BE /* AppDelegate.swift in Sources */,
				8290436E2BE3B5FC00EA88BE /* SceneDelegate.swift in Sources */,
			);
			runOnlyForDeploymentPostprocessing = 0;
		};
/* End PBXSourcesBuildPhase section */

/* Begin PBXVariantGroup section */
		829043762BE3B5FD00EA88BE /* LaunchScreen.storyboard */ = {
			isa = PBXVariantGroup;
			children = (
				829043772BE3B5FD00EA88BE /* Base */,
			);
			name = LaunchScreen.storyboard;
			sourceTree = "<group>";
		};
/* End PBXVariantGroup section */

/* Begin XCBuildConfiguration section */
		8290437A2BE3B5FD00EA88BE /* Debug */ = {
			isa = XCBuildConfiguration;
			buildSettings = {
				ALWAYS_SEARCH_USER_PATHS = NO;
				ASSETCATALOG_COMPILER_GENERATE_SWIFT_ASSET_SYMBOL_EXTENSIONS = YES;
				CLANG_ANALYZER_NONNULL = YES;
				CLANG_ANALYZER_NUMBER_OBJECT_CONVERSION = YES_AGGRESSIVE;
				CLANG_CXX_LANGUAGE_STANDARD = "gnu++20";
				CLANG_ENABLE_MODULES = YES;
				CLANG_ENABLE_OBJC_ARC = YES;
				CLANG_ENABLE_OBJC_WEAK = YES;
				CLANG_WARN_BLOCK_CAPTURE_AUTORELEASING = YES;
				CLANG_WARN_BOOL_CONVERSION = YES;
				CLANG_WARN_COMMA = YES;
				CLANG_WARN_CONSTANT_CONVERSION = YES;
				CLANG_WARN_DEPRECATED_OBJC_IMPLEMENTATIONS = YES;
				CLANG_WARN_DIRECT_OBJC_ISA_USAGE = YES_ERROR;
				CLANG_WARN_DOCUMENTATION_COMMENTS = YES;
				CLANG_WARN_EMPTY_BODY = YES;
				CLANG_WARN_ENUM_CONVERSION = YES;
				CLANG_WARN_INFINITE_RECURSION = YES;
				CLANG_WARN_INT_CONVERSION = YES;
				CLANG_WARN_NON_LITERAL_NULL_CONVERSION = YES;
				CLANG_WARN_OBJC_IMPLICIT_RETAIN_SELF = YES;
				CLANG_WARN_OBJC_LITERAL_CONVERSION = YES;
				CLANG_WARN_OBJC_ROOT_CLASS = YES_ERROR;
				CLANG_WARN_QUOTED_INCLUDE_IN_FRAMEWORK_HEADER = YES;
				CLANG_WARN_RANGE_LOOP_ANALYSIS = YES;
				CLANG_WARN_STRICT_PROTOTYPES = YES;
				CLANG_WARN_SUSPICIOUS_MOVE = YES;
				CLANG_WARN_UNGUARDED_AVAILABILITY = YES_AGGRESSIVE;
				CLANG_WARN_UNREACHABLE_CODE = YES;
				CLANG_WARN__DUPLICATE_METHOD_MATCH = YES;
				COPY_PHASE_STRIP = NO;
				DEBUG_INFORMATION_FORMAT = dwarf;
				ENABLE_STRICT_OBJC_MSGSEND = YES;
				ENABLE_TESTABILITY = YES;
				ENABLE_USER_SCRIPT_SANDBOXING = YES;
				GCC_C_LANGUAGE_STANDARD = gnu17;
				GCC_DYNAMIC_NO_PIC = NO;
				GCC_NO_COMMON_BLOCKS = YES;
				GCC_OPTIMIZATION_LEVEL = 0;
				GCC_PREPROCESSOR_DEFINITIONS = (
					"DEBUG=1",
					"$(inherited)",
				);
				GCC_WARN_64_TO_32_BIT_CONVERSION = YES;
				GCC_WARN_ABOUT_RETURN_TYPE = YES_ERROR;
				GCC_WARN_UNDECLARED_SELECTOR = YES;
				GCC_WARN_UNINITIALIZED_AUTOS = YES_AGGRESSIVE;
				GCC_WARN_UNUSED_FUNCTION = YES;
				GCC_WARN_UNUSED_VARIABLE = YES;
				IPHONEOS_DEPLOYMENT_TARGET = 17.2;
				LOCALIZATION_PREFERS_STRING_CATALOGS = YES;
				MTL_ENABLE_DEBUG_INFO = INCLUDE_SOURCE;
				MTL_FAST_MATH = YES;
				ONLY_ACTIVE_ARCH = YES;
				SDKROOT = iphoneos;
				SWIFT_ACTIVE_COMPILATION_CONDITIONS = "DEBUG $(inherited)";
				SWIFT_OPTIMIZATION_LEVEL = "-Onone";
			};
			name = Debug;
		};
		8290437B2BE3B5FD00EA88BE /* Release */ = {
			isa = XCBuildConfiguration;
			buildSettings = {
				ALWAYS_SEARCH_USER_PATHS = NO;
				ASSETCATALOG_COMPILER_GENERATE_SWIFT_ASSET_SYMBOL_EXTENSIONS = YES;
				CLANG_ANALYZER_NONNULL = YES;
				CLANG_ANALYZER_NUMBER_OBJECT_CONVERSION = YES_AGGRESSIVE;
				CLANG_CXX_LANGUAGE_STANDARD = "gnu++20";
				CLANG_ENABLE_MODULES = YES;
				CLANG_ENABLE_OBJC_ARC = YES;
				CLANG_ENABLE_OBJC_WEAK = YES;
				CLANG_WARN_BLOCK_CAPTURE_AUTORELEASING = YES;
				CLANG_WARN_BOOL_CONVERSION = YES;
				CLANG_WARN_COMMA = YES;
				CLANG_WARN_CONSTANT_CONVERSION = YES;
				CLANG_WARN_DEPRECATED_OBJC_IMPLEMENTATIONS = YES;
				CLANG_WARN_DIRECT_OBJC_ISA_USAGE = YES_ERROR;
				CLANG_WARN_DOCUMENTATION_COMMENTS = YES;
				CLANG_WARN_EMPTY_BODY = YES;
				CLANG_WARN_ENUM_CONVERSION = YES;
				CLANG_WARN_INFINITE_RECURSION = YES;
				CLANG_WARN_INT_CONVERSION = YES;
				CLANG_WARN_NON_LITERAL_NULL_CONVERSION = YES;
				CLANG_WARN_OBJC_IMPLICIT_RETAIN_SELF = YES;
				CLANG_WARN_OBJC_LITERAL_CONVERSION = YES;
				CLANG_WARN_OBJC_ROOT_CLASS = YES_ERROR;
				CLANG_WARN_QUOTED_INCLUDE_IN_FRAMEWORK_HEADER = YES;
				CLANG_WARN_RANGE_LOOP_ANALYSIS = YES;
				CLANG_WARN_STRICT_PROTOTYPES = YES;
				CLANG_WARN_SUSPICIOUS_MOVE = YES;
				CLANG_WARN_UNGUARDED_AVAILABILITY = YES_AGGRESSIVE;
				CLANG_WARN_UNREACHABLE_CODE = YES;
				CLANG_WARN__DUPLICATE_METHOD_MATCH = YES;
				COPY_PHASE_STRIP = NO;
				DEBUG_INFORMATION_FORMAT = "dwarf-with-dsym";
				ENABLE_NS_ASSERTIONS = NO;
				ENABLE_STRICT_OBJC_MSGSEND = YES;
				ENABLE_USER_SCRIPT_SANDBOXING = YES;
				GCC_C_LANGUAGE_STANDARD = gnu17;
				GCC_NO_COMMON_BLOCKS = YES;
				GCC_WARN_64_TO_32_BIT_CONVERSION = YES;
				GCC_WARN_ABOUT_RETURN_TYPE = YES_ERROR;
				GCC_WARN_UNDECLARED_SELECTOR = YES;
				GCC_WARN_UNINITIALIZED_AUTOS = YES_AGGRESSIVE;
				GCC_WARN_UNUSED_FUNCTION = YES;
				GCC_WARN_UNUSED_VARIABLE = YES;
				IPHONEOS_DEPLOYMENT_TARGET = 17.2;
				LOCALIZATION_PREFERS_STRING_CATALOGS = YES;
				MTL_ENABLE_DEBUG_INFO = NO;
				MTL_FAST_MATH = YES;
				SDKROOT = iphoneos;
				SWIFT_COMPILATION_MODE = wholemodule;
				VALIDATE_PRODUCT = YES;
			};
			name = Release;
		};
		8290437D2BE3B5FD00EA88BE /* Debug */ = {
			isa = XCBuildConfiguration;
			buildSettings = {
				ASSETCATALOG_COMPILER_APPICON_NAME = AppIcon;
				ASSETCATALOG_COMPILER_GLOBAL_ACCENT_COLOR_NAME = AccentColor;
				CODE_SIGN_STYLE = Automatic;
				CURRENT_PROJECT_VERSION = 1;
				DEVELOPMENT_TEAM = 9XG4S4XZWN;
				GENERATE_INFOPLIST_FILE = YES;
				INFOPLIST_FILE = StudentMealRecord/App/Info.plist;
				INFOPLIST_KEY_UIApplicationSupportsIndirectInputEvents = YES;
				INFOPLIST_KEY_UILaunchStoryboardName = LaunchScreen;
				INFOPLIST_KEY_UISupportedInterfaceOrientations = "UIInterfaceOrientationLandscapeLeft UIInterfaceOrientationLandscapeRight UIInterfaceOrientationPortrait";
				IPHONEOS_DEPLOYMENT_TARGET = 17.0;
				LD_RUNPATH_SEARCH_PATHS = (
					"$(inherited)",
					"@executable_path/Frameworks",
				);
				MARKETING_VERSION = 1.0;
				PRODUCT_BUNDLE_IDENTIFIER = com.thinkyside.StudentMealRecord;
				PRODUCT_NAME = "$(TARGET_NAME)";
				SWIFT_EMIT_LOC_STRINGS = YES;
				SWIFT_VERSION = 5.0;
				TARGETED_DEVICE_FAMILY = "1,2";
			};
			name = Debug;
		};
		8290437E2BE3B5FD00EA88BE /* Release */ = {
			isa = XCBuildConfiguration;
			buildSettings = {
				ASSETCATALOG_COMPILER_APPICON_NAME = AppIcon;
				ASSETCATALOG_COMPILER_GLOBAL_ACCENT_COLOR_NAME = AccentColor;
				CODE_SIGN_STYLE = Automatic;
				CURRENT_PROJECT_VERSION = 1;
				DEVELOPMENT_TEAM = 9XG4S4XZWN;
				GENERATE_INFOPLIST_FILE = YES;
				INFOPLIST_FILE = StudentMealRecord/App/Info.plist;
				INFOPLIST_KEY_UIApplicationSupportsIndirectInputEvents = YES;
				INFOPLIST_KEY_UILaunchStoryboardName = LaunchScreen;
				INFOPLIST_KEY_UISupportedInterfaceOrientations = "UIInterfaceOrientationLandscapeLeft UIInterfaceOrientationLandscapeRight UIInterfaceOrientationPortrait";
				IPHONEOS_DEPLOYMENT_TARGET = 17.0;
				LD_RUNPATH_SEARCH_PATHS = (
					"$(inherited)",
					"@executable_path/Frameworks",
				);
				MARKETING_VERSION = 1.0;
				PRODUCT_BUNDLE_IDENTIFIER = com.thinkyside.StudentMealRecord;
				PRODUCT_NAME = "$(TARGET_NAME)";
				SWIFT_EMIT_LOC_STRINGS = YES;
				SWIFT_VERSION = 5.0;
				TARGETED_DEVICE_FAMILY = "1,2";
			};
			name = Release;
		};
/* End XCBuildConfiguration section */

/* Begin XCConfigurationList section */
		829043632BE3B5FC00EA88BE /* Build configuration list for PBXProject "StudentMealRecord" */ = {
			isa = XCConfigurationList;
			buildConfigurations = (
				8290437A2BE3B5FD00EA88BE /* Debug */,
				8290437B2BE3B5FD00EA88BE /* Release */,
			);
			defaultConfigurationIsVisible = 0;
			defaultConfigurationName = Release;
		};
		8290437C2BE3B5FD00EA88BE /* Build configuration list for PBXNativeTarget "StudentMealRecord" */ = {
			isa = XCConfigurationList;
			buildConfigurations = (
				8290437D2BE3B5FD00EA88BE /* Debug */,
				8290437E2BE3B5FD00EA88BE /* Release */,
			);
			defaultConfigurationIsVisible = 0;
			defaultConfigurationName = Release;
		};
/* End XCConfigurationList section */

/* Begin XCRemoteSwiftPackageReference section */
		8282F40F2BE3B966005F1668 /* XCRemoteSwiftPackageReference "SnapKit" */ = {
			isa = XCRemoteSwiftPackageReference;
			repositoryURL = "https://github.com/SnapKit/SnapKit.git";
			requirement = {
				kind = upToNextMajorVersion;
				minimumVersion = 5.7.1;
			};
		};
		8282F4122BE3B979005F1668 /* XCRemoteSwiftPackageReference "RxSwift" */ = {
			isa = XCRemoteSwiftPackageReference;
			repositoryURL = "https://github.com/ReactiveX/RxSwift.git";
			requirement = {
				kind = upToNextMajorVersion;
				minimumVersion = 6.7.1;
			};
		};
		8282F4272BE3B9B7005F1668 /* XCRemoteSwiftPackageReference "realm-swift" */ = {
			isa = XCRemoteSwiftPackageReference;
			repositoryURL = "https://github.com/realm/realm-swift.git";
			requirement = {
				branch = master;
				kind = branch;
			};
		};
/* End XCRemoteSwiftPackageReference section */

/* Begin XCSwiftPackageProductDependency section */
		8282F4102BE3B966005F1668 /* SnapKit */ = {
			isa = XCSwiftPackageProductDependency;
			package = 8282F40F2BE3B966005F1668 /* XCRemoteSwiftPackageReference "SnapKit" */;
			productName = SnapKit;
		};
		8282F4132BE3B979005F1668 /* RxBlocking */ = {
			isa = XCSwiftPackageProductDependency;
			package = 8282F4122BE3B979005F1668 /* XCRemoteSwiftPackageReference "RxSwift" */;
			productName = RxBlocking;
		};
		8282F4152BE3B979005F1668 /* RxBlocking-Dynamic */ = {
			isa = XCSwiftPackageProductDependency;
			package = 8282F4122BE3B979005F1668 /* XCRemoteSwiftPackageReference "RxSwift" */;
			productName = "RxBlocking-Dynamic";
		};
		8282F4172BE3B979005F1668 /* RxCocoa */ = {
			isa = XCSwiftPackageProductDependency;
			package = 8282F4122BE3B979005F1668 /* XCRemoteSwiftPackageReference "RxSwift" */;
			productName = RxCocoa;
		};
		8282F4192BE3B979005F1668 /* RxCocoa-Dynamic */ = {
			isa = XCSwiftPackageProductDependency;
			package = 8282F4122BE3B979005F1668 /* XCRemoteSwiftPackageReference "RxSwift" */;
			productName = "RxCocoa-Dynamic";
		};
		8282F41B2BE3B979005F1668 /* RxRelay */ = {
			isa = XCSwiftPackageProductDependency;
			package = 8282F4122BE3B979005F1668 /* XCRemoteSwiftPackageReference "RxSwift" */;
			productName = RxRelay;
		};
		8282F41D2BE3B979005F1668 /* RxRelay-Dynamic */ = {
			isa = XCSwiftPackageProductDependency;
			package = 8282F4122BE3B979005F1668 /* XCRemoteSwiftPackageReference "RxSwift" */;
			productName = "RxRelay-Dynamic";
		};
		8282F41F2BE3B979005F1668 /* RxSwift */ = {
			isa = XCSwiftPackageProductDependency;
			package = 8282F4122BE3B979005F1668 /* XCRemoteSwiftPackageReference "RxSwift" */;
			productName = RxSwift;
		};
		8282F4212BE3B979005F1668 /* RxSwift-Dynamic */ = {
			isa = XCSwiftPackageProductDependency;
			package = 8282F4122BE3B979005F1668 /* XCRemoteSwiftPackageReference "RxSwift" */;
			productName = "RxSwift-Dynamic";
		};
		8282F4232BE3B979005F1668 /* RxTest */ = {
			isa = XCSwiftPackageProductDependency;
			package = 8282F4122BE3B979005F1668 /* XCRemoteSwiftPackageReference "RxSwift" */;
			productName = RxTest;
		};
		8282F4252BE3B979005F1668 /* RxTest-Dynamic */ = {
			isa = XCSwiftPackageProductDependency;
			package = 8282F4122BE3B979005F1668 /* XCRemoteSwiftPackageReference "RxSwift" */;
			productName = "RxTest-Dynamic";
		};
		8282F4282BE3B9B7005F1668 /* Realm */ = {
			isa = XCSwiftPackageProductDependency;
			package = 8282F4272BE3B9B7005F1668 /* XCRemoteSwiftPackageReference "realm-swift" */;
			productName = Realm;
		};
		8282F42A2BE3B9B7005F1668 /* RealmSwift */ = {
			isa = XCSwiftPackageProductDependency;
			package = 8282F4272BE3B9B7005F1668 /* XCRemoteSwiftPackageReference "realm-swift" */;
			productName = RealmSwift;
		};
/* End XCSwiftPackageProductDependency section */
	};
	rootObject = 829043602BE3B5FC00EA88BE /* Project object */;
}
